// !$*UTF8*$!
{
	archiveVersion = 1;
	classes = {
	};
	objectVersion = 56;
	objects = {

/* Begin PBXBuildFile section */
		3602B38A2972B18B007D1D93 /* main.swift in Sources */ = {isa = PBXBuildFile; fileRef = 3602B3892972B18B007D1D93 /* main.swift */; };
		36D8C8102972BE88002C371E /* Company.swift in Sources */ = {isa = PBXBuildFile; fileRef = 36D8C80F2972BE88002C371E /* Company.swift */; };
		36D8C8122972BEA7002C371E /* BranchUAE.swift in Sources */ = {isa = PBXBuildFile; fileRef = 36D8C8112972BEA7002C371E /* BranchUAE.swift */; };
		36D8C8142972BEBF002C371E /* BranchRussia.swift in Sources */ = {isa = PBXBuildFile; fileRef = 36D8C8132972BEBF002C371E /* BranchRussia.swift */; };
		36D8C8162972BF1D002C371E /* StaffUAE.swift in Sources */ = {isa = PBXBuildFile; fileRef = 36D8C8152972BF1D002C371E /* StaffUAE.swift */; };
		36D8C8182972BF2A002C371E /* StaffRussia.swift in Sources */ = {isa = PBXBuildFile; fileRef = 36D8C8172972BF2A002C371E /* StaffRussia.swift */; };
		36D8C81A29730548002C371E /* Student.swift in Sources */ = {isa = PBXBuildFile; fileRef = 36D8C81929730548002C371E /* Student.swift */; };
		36D8C81C29730570002C371E /* User.swift in Sources */ = {isa = PBXBuildFile; fileRef = 36D8C81B29730570002C371E /* User.swift */; };
/* End PBXBuildFile section */

/* Begin PBXCopyFilesBuildPhase section */
		3602B3842972B18B007D1D93 /* CopyFiles */ = {
			isa = PBXCopyFilesBuildPhase;
			buildActionMask = 2147483647;
			dstPath = /usr/share/man/man1/;
			dstSubfolderSpec = 0;
			files = (
			);
			runOnlyForDeploymentPostprocessing = 1;
		};
/* End PBXCopyFilesBuildPhase section */

/* Begin PBXFileReference section */
		3602B3862972B18B007D1D93 /* Month-2(Дз-2) */ = {isa = PBXFileReference; explicitFileType = "compiled.mach-o.executable"; includeInIndex = 0; path = "Month-2(Дз-2)"; sourceTree = BUILT_PRODUCTS_DIR; };
		3602B3892972B18B007D1D93 /* main.swift */ = {isa = PBXFileReference; lastKnownFileType = sourcecode.swift; path = main.swift; sourceTree = "<group>"; };
		36D8C80F2972BE88002C371E /* Company.swift */ = {isa = PBXFileReference; lastKnownFileType = sourcecode.swift; path = Company.swift; sourceTree = "<group>"; };
		36D8C8112972BEA7002C371E /* BranchUAE.swift */ = {isa = PBXFileReference; lastKnownFileType = sourcecode.swift; path = BranchUAE.swift; sourceTree = "<group>"; };
		36D8C8132972BEBF002C371E /* BranchRussia.swift */ = {isa = PBXFileReference; lastKnownFileType = sourcecode.swift; path = BranchRussia.swift; sourceTree = "<group>"; };
		36D8C8152972BF1D002C371E /* StaffUAE.swift */ = {isa = PBXFileReference; lastKnownFileType = sourcecode.swift; path = StaffUAE.swift; sourceTree = "<group>"; };
		36D8C8172972BF2A002C371E /* StaffRussia.swift */ = {isa = PBXFileReference; lastKnownFileType = sourcecode.swift; path = StaffRussia.swift; sourceTree = "<group>"; };
		36D8C81929730548002C371E /* Student.swift */ = {isa = PBXFileReference; lastKnownFileType = sourcecode.swift; path = Student.swift; sourceTree = "<group>"; };
		36D8C81B29730570002C371E /* User.swift */ = {isa = PBXFileReference; lastKnownFileType = sourcecode.swift; path = User.swift; sourceTree = "<group>"; };
/* End PBXFileReference section */

/* Begin PBXFrameworksBuildPhase section */
		3602B3832972B18B007D1D93 /* Frameworks */ = {
			isa = PBXFrameworksBuildPhase;
			buildActionMask = 2147483647;
			files = (
			);
			runOnlyForDeploymentPostprocessing = 0;
		};
/* End PBXFrameworksBuildPhase section */

/* Begin PBXGroup section */
		3602B37D2972B18B007D1D93 = {
			isa = PBXGroup;
			children = (
				3602B3882972B18B007D1D93 /* Month-2(Дз-2) */,
				3602B3872972B18B007D1D93 /* Products */,
			);
			sourceTree = "<group>";
		};
		3602B3872972B18B007D1D93 /* Products */ = {
			isa = PBXGroup;
			children = (
				3602B3862972B18B007D1D93 /* Month-2(Дз-2) */,
			);
			name = Products;
			sourceTree = "<group>";
		};
		3602B3882972B18B007D1D93 /* Month-2(Дз-2) */ = {
			isa = PBXGroup;
			children = (
				3602B3892972B18B007D1D93 /* main.swift */,
				36D8C80F2972BE88002C371E /* Company.swift */,
				36D8C8112972BEA7002C371E /* BranchUAE.swift */,
				36D8C8132972BEBF002C371E /* BranchRussia.swift */,
				36D8C8152972BF1D002C371E /* StaffUAE.swift */,
				36D8C8172972BF2A002C371E /* StaffRussia.swift */,
				36D8C81929730548002C371E /* Student.swift */,
				36D8C81B29730570002C371E /* User.swift */,
			);
			path = "Month-2(Дз-2)";
			sourceTree = "<group>";
		};
/* End PBXGroup section */

/* Begin PBXNativeTarget section */
		3602B3852972B18B007D1D93 /* Month-2(Дз-2) */ = {
			isa = PBXNativeTarget;
			buildConfigurationList = 3602B38D2972B18B007D1D93 /* Build configuration list for PBXNativeTarget "Month-2(Дз-2)" */;
			buildPhases = (
				3602B3822972B18B007D1D93 /* Sources */,
				3602B3832972B18B007D1D93 /* Frameworks */,
				3602B3842972B18B007D1D93 /* CopyFiles */,
			);
			buildRules = (
			);
			dependencies = (
			);
			name = "Month-2(Дз-2)";
			productName = "Month-2(Дз-2)";
			productReference = 3602B3862972B18B007D1D93 /* Month-2(Дз-2) */;
			productType = "com.apple.product-type.tool";
		};
/* End PBXNativeTarget section */

/* Begin PBXProject section */
		3602B37E2972B18B007D1D93 /* Project object */ = {
			isa = PBXProject;
			attributes = {
				BuildIndependentTargetsInParallel = 1;
				LastSwiftUpdateCheck = 1400;
				LastUpgradeCheck = 1400;
				TargetAttributes = {
					3602B3852972B18B007D1D93 = {
						CreatedOnToolsVersion = 14.0.1;
					};
				};
			};
			buildConfigurationList = 3602B3812972B18B007D1D93 /* Build configuration list for PBXProject "Month-2(Дз-2)" */;
			compatibilityVersion = "Xcode 14.0";
			developmentRegion = en;
			hasScannedForEncodings = 0;
			knownRegions = (
				en,
				Base,
			);
			mainGroup = 3602B37D2972B18B007D1D93;
			productRefGroup = 3602B3872972B18B007D1D93 /* Products */;
			projectDirPath = "";
			projectRoot = "";
			targets = (
				3602B3852972B18B007D1D93 /* Month-2(Дз-2) */,
			);
		};
/* End PBXProject section */

/* Begin PBXSourcesBuildPhase section */
		3602B3822972B18B007D1D93 /* Sources */ = {
			isa = PBXSourcesBuildPhase;
			buildActionMask = 2147483647;
			files = (
				36D8C8122972BEA7002C371E /* BranchUAE.swift in Sources */,
				36D8C8182972BF2A002C371E /* StaffRussia.swift in Sources */,
				3602B38A2972B18B007D1D93 /* main.swift in Sources */,
				36D8C8142972BEBF002C371E /* BranchRussia.swift in Sources */,
				36D8C81C29730570002C371E /* User.swift in Sources */,
				36D8C8102972BE88002C371E /* Company.swift in Sources */,
				36D8C81A29730548002C371E /* Student.swift in Sources */,
				36D8C8162972BF1D002C371E /* StaffUAE.swift in Sources */,
			);
			runOnlyForDeploymentPostprocessing = 0;
		};
/* End PBXSourcesBuildPhase section */

/* Begin XCBuildConfiguration section */
		3602B38B2972B18B007D1D93 /* Debug */ = {
			isa = XCBuildConfiguration;
			buildSettings = {
				ALWAYS_SEARCH_USER_PATHS = NO;
				CLANG_ANALYZER_NONNULL = YES;
				CLANG_ANALYZER_NUMBER_OBJECT_CONVERSION = YES_AGGRESSIVE;
				CLANG_CXX_LANGUAGE_STANDARD = "gnu++20";
				CLANG_ENABLE_MODULES = YES;
				CLANG_ENABLE_OBJC_ARC = YES;
				CLANG_ENABLE_OBJC_WEAK = YES;
				CLANG_WARN_BLOCK_CAPTURE_AUTORELEASING = YES;
				CLANG_WARN_BOOL_CONVERSION = YES;
				CLANG_WARN_COMMA = YES;
				CLANG_WARN_CONSTANT_CONVERSION = YES;
				CLANG_WARN_DEPRECATED_OBJC_IMPLEMENTATIONS = YES;
				CLANG_WARN_DIRECT_OBJC_ISA_USAGE = YES_ERROR;
				CLANG_WARN_DOCUMENTATION_COMMENTS = YES;
				CLANG_WARN_EMPTY_BODY = YES;
				CLANG_WARN_ENUM_CONVERSION = YES;
				CLANG_WARN_INFINITE_RECURSION = YES;
				CLANG_WARN_INT_CONVERSION = YES;
				CLANG_WARN_NON_LITERAL_NULL_CONVERSION = YES;
				CLANG_WARN_OBJC_IMPLICIT_RETAIN_SELF = YES;
				CLANG_WARN_OBJC_LITERAL_CONVERSION = YES;
				CLANG_WARN_OBJC_ROOT_CLASS = YES_ERROR;
				CLANG_WARN_QUOTED_INCLUDE_IN_FRAMEWORK_HEADER = YES;
				CLANG_WARN_RANGE_LOOP_ANALYSIS = YES;
				CLANG_WARN_STRICT_PROTOTYPES = YES;
				CLANG_WARN_SUSPICIOUS_MOVE = YES;
				CLANG_WARN_UNGUARDED_AVAILABILITY = YES_AGGRESSIVE;
				CLANG_WARN_UNREACHABLE_CODE = YES;
				CLANG_WARN__DUPLICATE_METHOD_MATCH = YES;
				COPY_PHASE_STRIP = NO;
				DEBUG_INFORMATION_FORMAT = dwarf;
				ENABLE_STRICT_OBJC_MSGSEND = YES;
				ENABLE_TESTABILITY = YES;
				GCC_C_LANGUAGE_STANDARD = gnu11;
				GCC_DYNAMIC_NO_PIC = NO;
				GCC_NO_COMMON_BLOCKS = YES;
				GCC_OPTIMIZATION_LEVEL = 0;
				GCC_PREPROCESSOR_DEFINITIONS = (
					"DEBUG=1",
					"$(inherited)",
				);
				GCC_WARN_64_TO_32_BIT_CONVERSION = YES;
				GCC_WARN_ABOUT_RETURN_TYPE = YES_ERROR;
				GCC_WARN_UNDECLARED_SELECTOR = YES;
				GCC_WARN_UNINITIALIZED_AUTOS = YES_AGGRESSIVE;
				GCC_WARN_UNUSED_FUNCTION = YES;
				GCC_WARN_UNUSED_VARIABLE = YES;
				MACOSX_DEPLOYMENT_TARGET = 12.3;
				MTL_ENABLE_DEBUG_INFO = INCLUDE_SOURCE;
				MTL_FAST_MATH = YES;
				ONLY_ACTIVE_ARCH = YES;
				SDKROOT = macosx;
				SWIFT_ACTIVE_COMPILATION_CONDITIONS = DEBUG;
				SWIFT_OPTIMIZATION_LEVEL = "-Onone";
			};
			name = Debug;
		};
		3602B38C2972B18B007D1D93 /* Release */ = {
			isa = XCBuildConfiguration;
			buildSettings = {
				ALWAYS_SEARCH_USER_PATHS = NO;
				CLANG_ANALYZER_NONNULL = YES;
				CLANG_ANALYZER_NUMBER_OBJECT_CONVERSION = YES_AGGRESSIVE;
				CLANG_CXX_LANGUAGE_STANDARD = "gnu++20";
				CLANG_ENABLE_MODULES = YES;
				CLANG_ENABLE_OBJC_ARC = YES;
				CLANG_ENABLE_OBJC_WEAK = YES;
				CLANG_WARN_BLOCK_CAPTURE_AUTORELEASING = YES;
				CLANG_WARN_BOOL_CONVERSION = YES;
				CLANG_WARN_COMMA = YES;
				CLANG_WARN_CONSTANT_CONVERSION = YES;
				CLANG_WARN_DEPRECATED_OBJC_IMPLEMENTATIONS = YES;
				CLANG_WARN_DIRECT_OBJC_ISA_USAGE = YES_ERROR;
				CLANG_WARN_DOCUMENTATION_COMMENTS = YES;
				CLANG_WARN_EMPTY_BODY = YES;
				CLANG_WARN_ENUM_CONVERSION = YES;
				CLANG_WARN_INFINITE_RECURSION = YES;
				CLANG_WARN_INT_CONVERSION = YES;
				CLANG_WARN_NON_LITERAL_NULL_CONVERSION = YES;
				CLANG_WARN_OBJC_IMPLICIT_RETAIN_SELF = YES;
				CLANG_WARN_OBJC_LITERAL_CONVERSION = YES;
				CLANG_WARN_OBJC_ROOT_CLASS = YES_ERROR;
				CLANG_WARN_QUOTED_INCLUDE_IN_FRAMEWORK_HEADER = YES;
				CLANG_WARN_RANGE_LOOP_ANALYSIS = YES;
				CLANG_WARN_STRICT_PROTOTYPES = YES;
				CLANG_WARN_SUSPICIOUS_MOVE = YES;
				CLANG_WARN_UNGUARDED_AVAILABILITY = YES_AGGRESSIVE;
				CLANG_WARN_UNREACHABLE_CODE = YES;
				CLANG_WARN__DUPLICATE_METHOD_MATCH = YES;
				COPY_PHASE_STRIP = NO;
				DEBUG_INFORMATION_FORMAT = "dwarf-with-dsym";
				ENABLE_NS_ASSERTIONS = NO;
				ENABLE_STRICT_OBJC_MSGSEND = YES;
				GCC_C_LANGUAGE_STANDARD = gnu11;
				GCC_NO_COMMON_BLOCKS = YES;
				GCC_WARN_64_TO_32_BIT_CONVERSION = YES;
				GCC_WARN_ABOUT_RETURN_TYPE = YES_ERROR;
				GCC_WARN_UNDECLARED_SELECTOR = YES;
				GCC_WARN_UNINITIALIZED_AUTOS = YES_AGGRESSIVE;
				GCC_WARN_UNUSED_FUNCTION = YES;
				GCC_WARN_UNUSED_VARIABLE = YES;
				MACOSX_DEPLOYMENT_TARGET = 12.3;
				MTL_ENABLE_DEBUG_INFO = NO;
				MTL_FAST_MATH = YES;
				SDKROOT = macosx;
				SWIFT_COMPILATION_MODE = wholemodule;
				SWIFT_OPTIMIZATION_LEVEL = "-O";
			};
			name = Release;
		};
		3602B38E2972B18B007D1D93 /* Debug */ = {
			isa = XCBuildConfiguration;
			buildSettings = {
				CODE_SIGN_STYLE = Automatic;
				PRODUCT_NAME = "$(TARGET_NAME)";
				SWIFT_VERSION = 5.0;
			};
			name = Debug;
		};
		3602B38F2972B18B007D1D93 /* Release */ = {
			isa = XCBuildConfiguration;
			buildSettings = {
				CODE_SIGN_STYLE = Automatic;
				PRODUCT_NAME = "$(TARGET_NAME)";
				SWIFT_VERSION = 5.0;
			};
			name = Release;
		};
/* End XCBuildConfiguration section */

/* Begin XCConfigurationList section */
		3602B3812972B18B007D1D93 /* Build configuration list for PBXProject "Month-2(Дз-2)" */ = {
			isa = XCConfigurationList;
			buildConfigurations = (
				3602B38B2972B18B007D1D93 /* Debug */,
				3602B38C2972B18B007D1D93 /* Release */,
			);
			defaultConfigurationIsVisible = 0;
			defaultConfigurationName = Release;
		};
		3602B38D2972B18B007D1D93 /* Build configuration list for PBXNativeTarget "Month-2(Дз-2)" */ = {
			isa = XCConfigurationList;
			buildConfigurations = (
				3602B38E2972B18B007D1D93 /* Debug */,
				3602B38F2972B18B007D1D93 /* Release */,
			);
			defaultConfigurationIsVisible = 0;
			defaultConfigurationName = Release;
		};
/* End XCConfigurationList section */
	};
	rootObject = 3602B37E2972B18B007D1D93 /* Project object */;
}
